{
  "nodes": {
    "circt-src": {
      "flake": false,
      "locked": {
        "lastModified": 1783324262,
        "narHash": "sha256-mcQZu+pNcFyye+x7aQtTpfYTLYLIwD1YjcKgyc6QC3g=",
        "owner": "llvm",
        "repo": "circt",
        "rev": "af5369d7ea19dafe8a48d58fa6577e80cde0e883",
        "type": "github"
      },
      "original": {
        "owner": "llvm",
        "repo": "circt",
        "rev": "af5369d7ea19dafe8a48d58fa6577e80cde0e883",
        "type": "github"
      }
    },
    "herbie-src": {
      "flake": false,
      "locked": {
        "lastModified": 1774650633,
        "narHash": "sha256-iO/C8bJVQbnxsxj+b7szWwbOyz5QBV5IeMSKIPg94C0=",
        "owner": "herbie-fp",
        "repo": "herbie",
        "rev": "5500c9684c044bdaca03aee415605f9ac2f05687",
        "type": "github"
      },
      "original": {
        "owner": "herbie-fp",
        "repo": "herbie",
        "rev": "5500c9684c044bdaca03aee415605f9ac2f05687",
        "type": "github"
      }
    },
    "llvm-project-src": {
      "flake": false,
      "locked": {
        "lastModified": 1781820214,
        "narHash": "sha256-1hZOr9QkQ73VBocgcldg3x9ZEGjAqXbP/6j0hQal8b8=",
        "owner": "llvm",
        "repo": "llvm-project",
        "rev": "040a641988f6ed6f4fab250706ca2b620c1de2d8",
        "type": "github"
      },
      "original": {
        "owner": "llvm",
        "repo": "llvm-project",
        "rev": "040a641988f6ed6f4fab250706ca2b620c1de2d8",
        "type": "github"
      }
    },
    "nixpkgs": {
      "locked": {
        "lastModified": 1779971959,
        "narHash": "sha256-R5nauXyqyfRUFiZycFFZdkF7wl6eaUpPLst35+2nJQY=",
        "owner": "NixOS",
        "repo": "nixpkgs",
        "rev": "ec942ba042dad5ef097e2ef3a3effc034241f011",
        "type": "github"
      },
      "original": {
        "owner": "NixOS",
        "ref": "nixos-26.05",
        "repo": "nixpkgs",
        "type": "github"
      }
    },
    "pyproject-build-systems": {
      "inputs": {
        "nixpkgs": [
          "nixpkgs"
        ],
        "pyproject-nix": [
          "pyproject-nix"
        ],
        "uv2nix": [
          "uv2nix"
        ]
      },
      "locked": {
        "lastModified": 1779676664,
        "narHash": "sha256-MbXylBTkWqVm8/VYjoULtMoVRgWBN1gSHbeRKsOsPlU=",
        "owner": "pyproject-nix",
        "repo": "build-system-pkgs",
        "rev": "7bff980f37fc24e09dbc986643719900c139bf12",
        "type": "github"
      },
      "original": {
        "owner": "pyproject-nix",
        "repo": "build-system-pkgs",
        "type": "github"
      }
    },
    "pyproject-nix": {
      "inputs": {
        "nixpkgs": [
          "nixpkgs"
        ]
      },
      "locked": {
        "lastModified": 1780416763,
        "narHash": "sha256-rRK3IFixgsrK6S3e14Xz9HAZm7+kMAIl3oi5zZlcwYI=",
        "owner": "pyproject-nix",
        "repo": "pyproject.nix",
        "rev": "ad83f1ead0e78e57b188f35cb57298affb06fc5f",
        "type": "github"
      },
      "original": {
        "owner": "pyproject-nix",
        "repo": "pyproject.nix",
        "type": "github"
      }
    },
    "racket-fmt-src": {
      "flake": false,
      "locked": {
        "lastModified": 1776085491,
        "narHash": "sha256-zwcjNvK2qcKfsXb2mlQQNOHI2niMMPI9wx9YeEz+XTo=",
        "owner": "sorawee",
        "repo": "fmt",
        "rev": "4e1ed68e596e656960b44a8244bb33eb4e65ec64",
        "type": "github"
      },
      "original": {
        "owner": "sorawee",
        "repo": "fmt",
        "rev": "4e1ed68e596e656960b44a8244bb33eb4e65ec64",
        "type": "github"
      }
    },
    "racket-fpbench-src": {
      "flake": false,
      "locked": {
        "lastModified": 1775751730,
        "narHash": "sha256-sTnKCjqUu+UvGbZB6ubrvKULDx8xoRyjfJvH0pNdWrk=",
        "owner": "FPBench",
        "repo": "FPBench",
        "rev": "7e2b76b1c3b55f923753e23ddfc979f847c50dbb",
        "type": "github"
      },
      "original": {
        "owner": "FPBench",
        "repo": "FPBench",
        "rev": "7e2b76b1c3b55f923753e23ddfc979f847c50dbb",
        "type": "github"
      }
    },
    "racket-generic-flonum-src": {
      "flake": false,
      "locked": {
        "lastModified": 1733767715,
        "narHash": "sha256-BoUz2U9qImV+AcPRCYxEWqiszn/0ACbqd1aK2R2f5vQ=",
        "owner": "herbie-fp",
        "repo": "generic-flonum",
        "rev": "e2226376ed7b9bb543ec21606327d52e4077818a",
        "type": "github"
      },
      "original": {
        "owner": "herbie-fp",
        "repo": "generic-flonum",
        "rev": "e2226376ed7b9bb543ec21606327d52e4077818a",
        "type": "github"
      }
    },
    "racket-pretty-expressive-src": {
      "flake": false,
      "locked": {
        "lastModified": 1776084854,
        "narHash": "sha256-k8hRrWRceUrySrTa7e2NI/n2qwSuXtx5NT6ekNavJ64=",
        "owner": "sorawee",
        "repo": "pretty-expressive",
        "rev": "9ad7077188c0ab7ac4088a6ee052c64e8eb21925",
        "type": "github"
      },
      "original": {
        "owner": "sorawee",
        "repo": "pretty-expressive",
        "rev": "9ad7077188c0ab7ac4088a6ee052c64e8eb21925",
        "type": "github"
      }
    },
    "racket-rival-src": {
      "flake": false,
      "locked": {
        "lastModified": 1770500837,
        "narHash": "sha256-BLuDujXVscyVXdCajerA73Iq7xoEVc/A0qBe7CIq5lA=",
        "owner": "herbie-fp",
        "repo": "rival",
        "rev": "4d2334a05338be8df9c6924e30534d693f83267d",
        "type": "github"
      },
      "original": {
        "owner": "herbie-fp",
        "repo": "rival",
        "rev": "4d2334a05338be8df9c6924e30534d693f83267d",
        "type": "github"
      }
    },
    "rival3-src": {
      "flake": false,
      "locked": {
        "lastModified": 1775788628,
        "narHash": "sha256-fnIvGCaiHqCM+ANwfLSQMTNQXw4VAewXeXU8iWePx9Y=",
        "owner": "herbie-fp",
        "repo": "rival3",
        "rev": "8bc5eca5079497a41d37e20a66c833080c92c0ed",
        "type": "github"
      },
      "original": {
        "owner": "herbie-fp",
        "repo": "rival3",
        "rev": "8bc5eca5079497a41d37e20a66c833080c92c0ed",
        "type": "github"
      }
    },
    "root": {
      "inputs": {
        "circt-src": "circt-src",
        "herbie-src": "herbie-src",
        "llvm-project-src": "llvm-project-src",
        "nixpkgs": "nixpkgs",
        "pyproject-build-systems": "pyproject-build-systems",
        "pyproject-nix": "pyproject-nix",
        "racket-fmt-src": "racket-fmt-src",
        "racket-fpbench-src": "racket-fpbench-src",
        "racket-generic-flonum-src": "racket-generic-flonum-src",
        "racket-pretty-expressive-src": "racket-pretty-expressive-src",
        "racket-rival-src": "racket-rival-src",
        "rival3-src": "rival3-src",
        "rust-overlay": "rust-overlay",
        "uv2nix": "uv2nix"
      }
    },
    "rust-overlay": {
      "inputs": {
        "nixpkgs": [
          "nixpkgs"
        ]
      },
      "locked": {
        "lastModified": 1775790837,
        "narHash": "sha256-RAHjn8sjgfF3D17BaV8iv69o3P+L9aCuE36PFwzoqHU=",
        "owner": "oxalica",
        "repo": "rust-overlay",
        "rev": "c913e0b9525311f103b7e1463ebb0f28c6865d8d",
        "type": "github"
      },
      "original": {
        "owner": "oxalica",
        "repo": "rust-overlay",
        "type": "github"
      }
    },
    "uv2nix": {
      "inputs": {
        "nixpkgs": [
          "nixpkgs"
        ],
        "pyproject-nix": [
          "pyproject-nix"
        ]
      },
      "locked": {
        "lastModified": 1780418295,
        "narHash": "sha256-yZVQNvmDx1SFjvlwevywsXWJnieSRqmQr7/fCTMyyd0=",
        "owner": "pyproject-nix",
        "repo": "uv2nix",
        "rev": "0497ccef038da091002be7c05263a7f27820974f",
        "type": "github"
      },
      "original": {
        "owner": "pyproject-nix",
        "repo": "uv2nix",
        "type": "github"
      }
    }
  },
  "root": "root",
  "version": 7
}
